
Microsoft Visual Studio Solution File, Format Version 12.00
# Visual Studio Version 17
VisualStudioVersion = 17.9.34714.143
MinimumVisualStudioVersion = 10.0.40219.1
Project("{9A19103F-16F7-4668-BE54-9A1E7A4F7556}") = "RoutingNetworkLibrary", "RoutingNetworkLibrary.csproj", "{8A0FCF53-C06D-4E9F-9221-AFC2CD91427F}"
EndProject
Project("{9A19103F-16F7-4668-BE54-9A1E7A4F7556}") = "RoutingNetworkLibraryTest", "..\RoutingNetworkLibraryTest\RoutingNetworkLibraryTest.csproj", "{66407E97-C23A-4CC8-9FEA-A046E5EAE5C9}"
EndProject
Project("{FAE04EC0-301F-11D3-BF4B-00C04F79EFBC}") = "Benchmark", "..\Benchmark\Benchmark.csproj", "{003A9CC5-BEAA-42DF-B7FC-74B3D0F24232}"
EndProject
Global
	GlobalSection(SolutionConfigurationPlatforms) = preSolution
		Debug|Any CPU = Debug|Any CPU
		Release|Any CPU = Release|Any CPU
	EndGlobalSection
	GlobalSection(ProjectConfigurationPlatforms) = postSolution
		{8A0FCF53-C06D-4E9F-9221-AFC2CD91427F}.Debug|Any CPU.ActiveCfg = Debug|Any CPU
		{8A0FCF53-C06D-4E9F-9221-AFC2CD91427F}.Debug|Any CPU.Build.0 = Debug|Any CPU
		{8A0FCF53-C06D-4E9F-9221-AFC2CD91427F}.Release|Any CPU.ActiveCfg = Release|Any CPU
		{8A0FCF53-C06D-4E9F-9221-AFC2CD91427F}.Release|Any CPU.Build.0 = Release|Any CPU
		{66407E97-C23A-4CC8-9FEA-A046E5EAE5C9}.Debug|Any CPU.ActiveCfg = Debug|Any CPU
		{66407E97-C23A-4CC8-9FEA-A046E5EAE5C9}.Debug|Any CPU.Build.0 = Debug|Any CPU
		{66407E97-C23A-4CC8-9FEA-A046E5EAE5C9}.Release|Any CPU.ActiveCfg = Release|Any CPU
		{66407E97-C23A-4CC8-9FEA-A046E5EAE5C9}.Release|Any CPU.Build.0 = Release|Any CPU
		{003A9CC5-BEAA-42DF-B7FC-74B3D0F24232}.Debug|Any CPU.ActiveCfg = Debug|Any CPU
		{003A9CC5-BEAA-42DF-B7FC-74B3D0F24232}.Debug|Any CPU.Build.0 = Debug|Any CPU
		{003A9CC5-BEAA-42DF-B7FC-74B3D0F24232}.Release|Any CPU.ActiveCfg = Release|Any CPU
		{003A9CC5-BEAA-42DF-B7FC-74B3D0F24232}.Release|Any CPU.Build.0 = Release|Any CPU
	EndGlobalSection
	GlobalSection(SolutionProperties) = preSolution
		HideSolutionNode = FALSE
	EndGlobalSection
	GlobalSection(ExtensibilityGlobals) = postSolution
		SolutionGuid = {70BB34E0-EEB3-452D-A6EC-DC878FC0E90D}
	EndGlobalSection
EndGlobal
